
Microsoft Visual Studio Solution File, Format Version 12.00
# Visual Studio Version 17
VisualStudioVersion = 17.14.36414.22 d17.14
MinimumVisualStudioVersion = 10.0.40219.1
Project("{FAE04EC0-301F-11D3-BF4B-00C04F79EFBC}") = "Övning01", "Övning01\Övning01.csproj", "{28AD7C47-A6DC-4885-8AE3-108E4B354633}"
EndProject
Global
	GlobalSection(SolutionConfigurationPlatforms) = preSolution
		Debug|Any CPU = Debug|Any CPU
		Release|Any CPU = Release|Any CPU
	EndGlobalSection
	GlobalSection(ProjectConfigurationPlatforms) = postSolution
		{28AD7C47-A6DC-4885-8AE3-108E4B354633}.Debug|Any CPU.ActiveCfg = Debug|Any CPU
		{28AD7C47-A6DC-4885-8AE3-108E4B354633}.Debug|Any CPU.Build.0 = Debug|Any CPU
		{28AD7C47-A6DC-4885-8AE3-108E4B354633}.Release|Any CPU.ActiveCfg = Release|Any CPU
		{28AD7C47-A6DC-4885-8AE3-108E4B354633}.Release|Any CPU.Build.0 = Release|Any CPU
	EndGlobalSection
	GlobalSection(SolutionProperties) = preSolution
		HideSolutionNode = FALSE
	EndGlobalSection
	GlobalSection(ExtensibilityGlobals) = postSolution
		SolutionGuid = {A53F42E7-6CB7-460C-98E2-996E8B0F5121}
	EndGlobalSection
EndGlobal
